
Microsoft Visual Studio Solution File, Format Version 12.00
# Visual Studio Version 17
VisualStudioVersion = 17.8.34316.72
MinimumVisualStudioVersion = 10.0.40219.1
Project("{2150E333-8FDC-42A3-9474-1A3956D46DE8}") = "src", "src", "{DB848370-1487-4C86-9E51-EE7E5FDA3CF2}"
EndProject
Project("{2150E333-8FDC-42A3-9474-1A3956D46DE8}") = "Core", "Core", "{B28B9845-B9CA-4976-B4FD-764DFBF0BD07}"
EndProject
Project("{2150E333-8FDC-42A3-9474-1A3956D46DE8}") = "External", "External", "{B900129E-5840-4952-9F9F-D550EEB2D1D2}"
EndProject
Project("{9A19103F-16F7-4668-BE54-9A1E7A4F7556}") = "AsilMedia.Domain", "src\Core\AsilMedia.Domain\AsilMedia.Domain.csproj", "{1B459133-054E-4B3D-BD2A-BEA4C3A79F54}"
EndProject
Project("{9A19103F-16F7-4668-BE54-9A1E7A4F7556}") = "AsilMedia.Application", "src\Core\AsilMedia.Application\AsilMedia.Application.csproj", "{C35B919A-6969-4E7A-ACDD-A238F42F66D2}"
EndProject
Project("{9A19103F-16F7-4668-BE54-9A1E7A4F7556}") = "AsilMedia.Infrastructure", "src\External\AsilMedia.Infrastructure\AsilMedia.Infrastructure.csproj", "{8B2C46F8-4C9A-4967-8648-345E52780E2D}"
EndProject
Project("{9A19103F-16F7-4668-BE54-9A1E7A4F7556}") = "AsilMedia.API", "src\External\AsilMedia.API\AsilMedia.API.csproj", "{2F0B44C1-C8EE-4230-A408-14BF10335540}"
EndProject
Project("{FAE04EC0-301F-11D3-BF4B-00C04F79EFBC}") = "AsilMedia.MVC", "src\External\AsilMedia.MVC\AsilMedia.MVC.csproj", "{FF5AE7A0-A5E5-408F-9096-AA85D3ED2928}"
EndProject
Global
	GlobalSection(SolutionConfigurationPlatforms) = preSolution
		Debug|Any CPU = Debug|Any CPU
		Release|Any CPU = Release|Any CPU
	EndGlobalSection
	GlobalSection(ProjectConfigurationPlatforms) = postSolution
		{1B459133-054E-4B3D-BD2A-BEA4C3A79F54}.Debug|Any CPU.ActiveCfg = Debug|Any CPU
		{1B459133-054E-4B3D-BD2A-BEA4C3A79F54}.Debug|Any CPU.Build.0 = Debug|Any CPU
		{1B459133-054E-4B3D-BD2A-BEA4C3A79F54}.Release|Any CPU.ActiveCfg = Release|Any CPU
		{1B459133-054E-4B3D-BD2A-BEA4C3A79F54}.Release|Any CPU.Build.0 = Release|Any CPU
		{C35B919A-6969-4E7A-ACDD-A238F42F66D2}.Debug|Any CPU.ActiveCfg = Debug|Any CPU
		{C35B919A-6969-4E7A-ACDD-A238F42F66D2}.Debug|Any CPU.Build.0 = Debug|Any CPU
		{C35B919A-6969-4E7A-ACDD-A238F42F66D2}.Release|Any CPU.ActiveCfg = Release|Any CPU
		{C35B919A-6969-4E7A-ACDD-A238F42F66D2}.Release|Any CPU.Build.0 = Release|Any CPU
		{8B2C46F8-4C9A-4967-8648-345E52780E2D}.Debug|Any CPU.ActiveCfg = Debug|Any CPU
		{8B2C46F8-4C9A-4967-8648-345E52780E2D}.Debug|Any CPU.Build.0 = Debug|Any CPU
		{8B2C46F8-4C9A-4967-8648-345E52780E2D}.Release|Any CPU.ActiveCfg = Release|Any CPU
		{8B2C46F8-4C9A-4967-8648-345E52780E2D}.Release|Any CPU.Build.0 = Release|Any CPU
		{2F0B44C1-C8EE-4230-A408-14BF10335540}.Debug|Any CPU.ActiveCfg = Debug|Any CPU
		{2F0B44C1-C8EE-4230-A408-14BF10335540}.Debug|Any CPU.Build.0 = Debug|Any CPU
		{2F0B44C1-C8EE-4230-A408-14BF10335540}.Release|Any CPU.ActiveCfg = Release|Any CPU
		{2F0B44C1-C8EE-4230-A408-14BF10335540}.Release|Any CPU.Build.0 = Release|Any CPU
		{FF5AE7A0-A5E5-408F-9096-AA85D3ED2928}.Debug|Any CPU.ActiveCfg = Debug|Any CPU
		{FF5AE7A0-A5E5-408F-9096-AA85D3ED2928}.Debug|Any CPU.Build.0 = Debug|Any CPU
		{FF5AE7A0-A5E5-408F-9096-AA85D3ED2928}.Release|Any CPU.ActiveCfg = Release|Any CPU
		{FF5AE7A0-A5E5-408F-9096-AA85D3ED2928}.Release|Any CPU.Build.0 = Release|Any CPU
	EndGlobalSection
	GlobalSection(SolutionProperties) = preSolution
		HideSolutionNode = FALSE
	EndGlobalSection
	GlobalSection(NestedProjects) = preSolution
		{B28B9845-B9CA-4976-B4FD-764DFBF0BD07} = {DB848370-1487-4C86-9E51-EE7E5FDA3CF2}
		{B900129E-5840-4952-9F9F-D550EEB2D1D2} = {DB848370-1487-4C86-9E51-EE7E5FDA3CF2}
		{1B459133-054E-4B3D-BD2A-BEA4C3A79F54} = {B28B9845-B9CA-4976-B4FD-764DFBF0BD07}
		{C35B919A-6969-4E7A-ACDD-A238F42F66D2} = {B28B9845-B9CA-4976-B4FD-764DFBF0BD07}
		{8B2C46F8-4C9A-4967-8648-345E52780E2D} = {B900129E-5840-4952-9F9F-D550EEB2D1D2}
		{2F0B44C1-C8EE-4230-A408-14BF10335540} = {B900129E-5840-4952-9F9F-D550EEB2D1D2}
		{FF5AE7A0-A5E5-408F-9096-AA85D3ED2928} = {B900129E-5840-4952-9F9F-D550EEB2D1D2}
	EndGlobalSection
	GlobalSection(ExtensibilityGlobals) = postSolution
		SolutionGuid = {84796E22-91AC-4BDF-B309-4424F34A5DF0}
	EndGlobalSection
EndGlobal
